# @generated by Move, please check-in and do not edit manually.

[move]
version = 3
manifest_digest = "B1B562FE89A33D35D3B108D63AC6D529884CB26E84E79B12DCAFD5E51E252C91"
deps_digest = "3C4103934B1E040BB6B23F1D610B4EF9F2F1166A50A104EADCF77467C004C600"
dependencies = [
  { id = "MoveStdlib", name = "MoveStdlib" },
  { id = "One", name = "One" },
]

[[move.package]]
id = "MoveStdlib"
source = { local = "../../onechain/crates/sui-framework/packages/move-stdlib" }

[[move.package]]
id = "One"
source = { local = "../../onechain/crates/sui-framework/packages/one-framework" }

dependencies = [
  { id = "MoveStdlib", name = "MoveStdlib" },
]

[move.toolchain-version]
compiler-version = "1.1.1"
edition = "2024.beta"
flavor = "one"

[env]

[env.testnet]
chain-id = "1bd5c965"
original-published-id = "0xe71849994dce6b51dc6303979d09423c4abb92863044c3bb9650b1c9d6a952d8"
latest-published-id = "0xe71849994dce6b51dc6303979d09423c4abb92863044c3bb9650b1c9d6a952d8"
published-version = "1"
